
Microsoft Visual Studio Solution File, Format Version 12.00
# Visual Studio Version 17
VisualStudioVersion = 17.1.32210.238
MinimumVisualStudioVersion = 10.0.40219.1
Project("{8BC9CEB8-8B4A-11D0-8D11-00A0C91BC942}") = "Sandbox", "Sandbox\Sandbox.vcxproj", "{45F10598-72A9-4EF2-8D11-63596F2E4C7D}"
EndProject
Project("{8BC9CEB8-8B4A-11D0-8D11-00A0C91BC942}") = "Hazel", "Hazel\Hazel.vcxproj", "{B80F17DD-E859-480F-8358-192F151E295F}"
EndProject
Global
	GlobalSection(SolutionConfigurationPlatforms) = preSolution
		Debug|x64 = Debug|x64
		Release|x64 = Release|x64
	EndGlobalSection
	GlobalSection(ProjectConfigurationPlatforms) = postSolution
		{B80F17DD-E859-480F-8358-192F151E295F}.Debug|x64.ActiveCfg = Debug|x64
		{B80F17DD-E859-480F-8358-192F151E295F}.Debug|x64.Build.0 = Debug|x64
		{B80F17DD-E859-480F-8358-192F151E295F}.Release|x64.ActiveCfg = Release|x64
		{B80F17DD-E859-480F-8358-192F151E295F}.Release|x64.Build.0 = Release|x64
		{45F10598-72A9-4EF2-8D11-63596F2E4C7D}.Debug|x64.ActiveCfg = Debug|x64
		{45F10598-72A9-4EF2-8D11-63596F2E4C7D}.Debug|x64.Build.0 = Debug|x64
		{45F10598-72A9-4EF2-8D11-63596F2E4C7D}.Release|x64.ActiveCfg = Release|x64
		{45F10598-72A9-4EF2-8D11-63596F2E4C7D}.Release|x64.Build.0 = Release|x64
	EndGlobalSection
	GlobalSection(SolutionProperties) = preSolution
		HideSolutionNode = FALSE
	EndGlobalSection
	GlobalSection(ExtensibilityGlobals) = postSolution
		SolutionGuid = {46817762-6A70-4837-BA88-80328CAAFEA2}
	EndGlobalSection
EndGlobal
